
Microsoft Visual Studio Solution File, Format Version 12.00
# Visual Studio Version 16
VisualStudioVersion = 16.0.30804.86
MinimumVisualStudioVersion = 10.0.40219.1
Project("{FAE04EC0-301F-11D3-BF4B-00C04F79EFBC}") = "dbAPI", "dbAPI\dbAPI.csproj", "{CDBD0BB7-484B-4863-8B71-1F6A32877F88}"
EndProject
Global
	GlobalSection(SolutionConfigurationPlatforms) = preSolution
		Debug|Any CPU = Debug|Any CPU
		Release|Any CPU = Release|Any CPU
	EndGlobalSection
	GlobalSection(ProjectConfigurationPlatforms) = postSolution
		{CDBD0BB7-484B-4863-8B71-1F6A32877F88}.Debug|Any CPU.ActiveCfg = Debug|Any CPU
		{CDBD0BB7-484B-4863-8B71-1F6A32877F88}.Debug|Any CPU.Build.0 = Debug|Any CPU
		{CDBD0BB7-484B-4863-8B71-1F6A32877F88}.Release|Any CPU.ActiveCfg = Release|Any CPU
		{CDBD0BB7-484B-4863-8B71-1F6A32877F88}.Release|Any CPU.Build.0 = Release|Any CPU
	EndGlobalSection
	GlobalSection(SolutionProperties) = preSolution
		HideSolutionNode = FALSE
	EndGlobalSection
	GlobalSection(ExtensibilityGlobals) = postSolution
		SolutionGuid = {2F5D028A-32FC-4306-9DE0-837729C0C2D1}
	EndGlobalSection
EndGlobal
