
Microsoft Visual Studio Solution File, Format Version 12.00
# Visual Studio Version 16
VisualStudioVersion = 16.0.30523.141
MinimumVisualStudioVersion = 10.0.40219.1
Project("{FAE04EC0-301F-11D3-BF4B-00C04F79EFBC}") = "FirstToEnd", "FirstToEnd.csproj", "{F3F90544-7AD6-44A1-9657-94071409073D}"
EndProject
Global
	GlobalSection(SolutionConfigurationPlatforms) = preSolution
		Debug|Any CPU = Debug|Any CPU
		Release|Any CPU = Release|Any CPU
	EndGlobalSection
	GlobalSection(ProjectConfigurationPlatforms) = postSolution
		{F3F90544-7AD6-44A1-9657-94071409073D}.Debug|Any CPU.ActiveCfg = Debug|Any CPU
		{F3F90544-7AD6-44A1-9657-94071409073D}.Debug|Any CPU.Build.0 = Debug|Any CPU
		{F3F90544-7AD6-44A1-9657-94071409073D}.Release|Any CPU.ActiveCfg = Release|Any CPU
		{F3F90544-7AD6-44A1-9657-94071409073D}.Release|Any CPU.Build.0 = Release|Any CPU
	EndGlobalSection
	GlobalSection(SolutionProperties) = preSolution
		HideSolutionNode = FALSE
	EndGlobalSection
	GlobalSection(ExtensibilityGlobals) = postSolution
		SolutionGuid = {0108FCBE-2DC4-446D-BC70-73A24735790C}
	EndGlobalSection
EndGlobal
