
Microsoft Visual Studio Solution File, Format Version 12.00
# Visual Studio Version 16
VisualStudioVersion = 16.0.31005.135
MinimumVisualStudioVersion = 10.0.40219.1
Project("{FAE04EC0-301F-11D3-BF4B-00C04F79EFBC}") = "ServiceApp", "ServiceApp\ServiceApp.csproj", "{7B9CDDC7-8234-4E5D-B6C8-561C21F44CB6}"
EndProject
Global
	GlobalSection(SolutionConfigurationPlatforms) = preSolution
		Debug|Any CPU = Debug|Any CPU
		Release|Any CPU = Release|Any CPU
	EndGlobalSection
	GlobalSection(ProjectConfigurationPlatforms) = postSolution
		{7B9CDDC7-8234-4E5D-B6C8-561C21F44CB6}.Debug|Any CPU.ActiveCfg = Debug|Any CPU
		{7B9CDDC7-8234-4E5D-B6C8-561C21F44CB6}.Debug|Any CPU.Build.0 = Debug|Any CPU
		{7B9CDDC7-8234-4E5D-B6C8-561C21F44CB6}.Release|Any CPU.ActiveCfg = Release|Any CPU
		{7B9CDDC7-8234-4E5D-B6C8-561C21F44CB6}.Release|Any CPU.Build.0 = Release|Any CPU
	EndGlobalSection
	GlobalSection(SolutionProperties) = preSolution
		HideSolutionNode = FALSE
	EndGlobalSection
	GlobalSection(ExtensibilityGlobals) = postSolution
		SolutionGuid = {52CFCA6F-EEF5-4663-81CC-F003523CFF3F}
	EndGlobalSection
EndGlobal
