
Microsoft Visual Studio Solution File, Format Version 12.00
# Visual Studio Version 16
VisualStudioVersion = 16.0.30523.141
MinimumVisualStudioVersion = 10.0.40219.1
Project("{FAE04EC0-301F-11D3-BF4B-00C04F79EFBC}") = "IBeginHate", "IBeginHate.csproj", "{F326CBB2-8C3C-4FD6-9063-05D91F73E53C}"
EndProject
Global
	GlobalSection(SolutionConfigurationPlatforms) = preSolution
		Debug|Any CPU = Debug|Any CPU
		Release|Any CPU = Release|Any CPU
	EndGlobalSection
	GlobalSection(ProjectConfigurationPlatforms) = postSolution
		{F326CBB2-8C3C-4FD6-9063-05D91F73E53C}.Debug|Any CPU.ActiveCfg = Debug|Any CPU
		{F326CBB2-8C3C-4FD6-9063-05D91F73E53C}.Debug|Any CPU.Build.0 = Debug|Any CPU
		{F326CBB2-8C3C-4FD6-9063-05D91F73E53C}.Release|Any CPU.ActiveCfg = Release|Any CPU
		{F326CBB2-8C3C-4FD6-9063-05D91F73E53C}.Release|Any CPU.Build.0 = Release|Any CPU
	EndGlobalSection
	GlobalSection(SolutionProperties) = preSolution
		HideSolutionNode = FALSE
	EndGlobalSection
	GlobalSection(ExtensibilityGlobals) = postSolution
		SolutionGuid = {68D44346-B537-4B2D-89A7-EE3AE7010FAD}
	EndGlobalSection
EndGlobal
