
Microsoft Visual Studio Solution File, Format Version 12.00
# Visual Studio Version 16
VisualStudioVersion = 16.0.30907.101
MinimumVisualStudioVersion = 10.0.40219.1
Project("{FAE04EC0-301F-11D3-BF4B-00C04F79EFBC}") = "WpfApp6", "WpfApp6\WpfApp6.csproj", "{177BF9A9-28E7-4EE4-8FC8-488C5DFEA5B2}"
EndProject
Global
	GlobalSection(SolutionConfigurationPlatforms) = preSolution
		Debug|Any CPU = Debug|Any CPU
		Release|Any CPU = Release|Any CPU
	EndGlobalSection
	GlobalSection(ProjectConfigurationPlatforms) = postSolution
		{177BF9A9-28E7-4EE4-8FC8-488C5DFEA5B2}.Debug|Any CPU.ActiveCfg = Debug|Any CPU
		{177BF9A9-28E7-4EE4-8FC8-488C5DFEA5B2}.Debug|Any CPU.Build.0 = Debug|Any CPU
		{177BF9A9-28E7-4EE4-8FC8-488C5DFEA5B2}.Release|Any CPU.ActiveCfg = Release|Any CPU
		{177BF9A9-28E7-4EE4-8FC8-488C5DFEA5B2}.Release|Any CPU.Build.0 = Release|Any CPU
	EndGlobalSection
	GlobalSection(SolutionProperties) = preSolution
		HideSolutionNode = FALSE
	EndGlobalSection
	GlobalSection(ExtensibilityGlobals) = postSolution
		SolutionGuid = {2AE3DF20-9677-49E8-B1AA-0ACFE31F2421}
	EndGlobalSection
EndGlobal
